
Microsoft Visual Studio Solution File, Format Version 12.00
# Visual Studio Version 16
VisualStudioVersion = 25.0.1704.0
MinimumVisualStudioVersion = 10.0.40219.1
Project("{FAE04EC0-301F-11D3-BF4B-00C04F79EFBC}") = "task.ten", "task.ten\task.ten.csproj", "{6511C434-A3E7-4E88-B9A5-8ADAD9750E53}"
EndProject
Global
	GlobalSection(SolutionConfigurationPlatforms) = preSolution
		Debug|Any CPU = Debug|Any CPU
		Release|Any CPU = Release|Any CPU
	EndGlobalSection
	GlobalSection(ProjectConfigurationPlatforms) = postSolution
		{6511C434-A3E7-4E88-B9A5-8ADAD9750E53}.Debug|Any CPU.ActiveCfg = Debug|Any CPU
		{6511C434-A3E7-4E88-B9A5-8ADAD9750E53}.Debug|Any CPU.Build.0 = Debug|Any CPU
		{6511C434-A3E7-4E88-B9A5-8ADAD9750E53}.Release|Any CPU.ActiveCfg = Release|Any CPU
		{6511C434-A3E7-4E88-B9A5-8ADAD9750E53}.Release|Any CPU.Build.0 = Release|Any CPU
	EndGlobalSection
	GlobalSection(SolutionProperties) = preSolution
		HideSolutionNode = FALSE
	EndGlobalSection
	GlobalSection(ExtensibilityGlobals) = postSolution
		SolutionGuid = {04909E9E-BBC9-4B53-B527-AE88526455D6}
	EndGlobalSection
EndGlobal
